
Microsoft Visual Studio Solution File, Format Version 12.00
# Visual Studio Version 17
VisualStudioVersion = 17.14.36310.24
MinimumVisualStudioVersion = 10.0.40219.1
Project("{FAE04EC0-301F-11D3-BF4B-00C04F79EFBC}") = "Kampintro", "Kampintro\Kampintro.csproj", "{61A977AA-A348-4706-AE0E-0B29486F2D82}"
EndProject
Project("{FAE04EC0-301F-11D3-BF4B-00C04F79EFBC}") = "Metotlar", "Metotlar\Metotlar.csproj", "{67C1480A-ABA7-4A87-8EC4-47651985408F}"
EndProject
Project("{FAE04EC0-301F-11D3-BF4B-00C04F79EFBC}") = "Matematik", "Matematik\Matematik.csproj", "{264BF5DC-1BE5-484A-9E97-BD3F91B358E9}"
EndProject
Project("{FAE04EC0-301F-11D3-BF4B-00C04F79EFBC}") = "OOP1", "DegerVeReferansTipler\OOP1.csproj", "{61BC3E7B-0099-4C82-AD4E-05122A624449}"
EndProject
Project("{FAE04EC0-301F-11D3-BF4B-00C04F79EFBC}") = "Koleksiyonlar", "Koleksiyonlar\Koleksiyonlar.csproj", "{BF29F04A-7226-465B-9B0A-6C5B87E1D564}"
EndProject
Project("{FAE04EC0-301F-11D3-BF4B-00C04F79EFBC}") = "GenericsIntro", "GenericsIntro\GenericsIntro.csproj", "{1152D910-4F27-4F97-B03C-BEAECB7C00AE}"
EndProject
Project("{FAE04EC0-301F-11D3-BF4B-00C04F79EFBC}") = "OOP2", "OOP2\OOP2.csproj", "{5781EE16-0A3A-448A-BF61-91979AB1FD9D}"
EndProject
Project("{FAE04EC0-301F-11D3-BF4B-00C04F79EFBC}") = "OOP3", "OOP3\OOP3.csproj", "{02FF64C5-214D-43D8-9F05-A4F8F40AF21E}"
EndProject
Global
	GlobalSection(SolutionConfigurationPlatforms) = preSolution
		Debug|Any CPU = Debug|Any CPU
		Release|Any CPU = Release|Any CPU
	EndGlobalSection
	GlobalSection(ProjectConfigurationPlatforms) = postSolution
		{61A977AA-A348-4706-AE0E-0B29486F2D82}.Debug|Any CPU.ActiveCfg = Debug|Any CPU
		{61A977AA-A348-4706-AE0E-0B29486F2D82}.Debug|Any CPU.Build.0 = Debug|Any CPU
		{61A977AA-A348-4706-AE0E-0B29486F2D82}.Release|Any CPU.ActiveCfg = Release|Any CPU
		{61A977AA-A348-4706-AE0E-0B29486F2D82}.Release|Any CPU.Build.0 = Release|Any CPU
		{67C1480A-ABA7-4A87-8EC4-47651985408F}.Debug|Any CPU.ActiveCfg = Debug|Any CPU
		{67C1480A-ABA7-4A87-8EC4-47651985408F}.Debug|Any CPU.Build.0 = Debug|Any CPU
		{67C1480A-ABA7-4A87-8EC4-47651985408F}.Release|Any CPU.ActiveCfg = Release|Any CPU
		{67C1480A-ABA7-4A87-8EC4-47651985408F}.Release|Any CPU.Build.0 = Release|Any CPU
		{264BF5DC-1BE5-484A-9E97-BD3F91B358E9}.Debug|Any CPU.ActiveCfg = Debug|Any CPU
		{264BF5DC-1BE5-484A-9E97-BD3F91B358E9}.Debug|Any CPU.Build.0 = Debug|Any CPU
		{264BF5DC-1BE5-484A-9E97-BD3F91B358E9}.Release|Any CPU.ActiveCfg = Release|Any CPU
		{264BF5DC-1BE5-484A-9E97-BD3F91B358E9}.Release|Any CPU.Build.0 = Release|Any CPU
		{61BC3E7B-0099-4C82-AD4E-05122A624449}.Debug|Any CPU.ActiveCfg = Debug|Any CPU
		{61BC3E7B-0099-4C82-AD4E-05122A624449}.Debug|Any CPU.Build.0 = Debug|Any CPU
		{61BC3E7B-0099-4C82-AD4E-05122A624449}.Release|Any CPU.ActiveCfg = Release|Any CPU
		{61BC3E7B-0099-4C82-AD4E-05122A624449}.Release|Any CPU.Build.0 = Release|Any CPU
		{BF29F04A-7226-465B-9B0A-6C5B87E1D564}.Debug|Any CPU.ActiveCfg = Debug|Any CPU
		{BF29F04A-7226-465B-9B0A-6C5B87E1D564}.Debug|Any CPU.Build.0 = Debug|Any CPU
		{BF29F04A-7226-465B-9B0A-6C5B87E1D564}.Release|Any CPU.ActiveCfg = Release|Any CPU
		{BF29F04A-7226-465B-9B0A-6C5B87E1D564}.Release|Any CPU.Build.0 = Release|Any CPU
		{1152D910-4F27-4F97-B03C-BEAECB7C00AE}.Debug|Any CPU.ActiveCfg = Debug|Any CPU
		{1152D910-4F27-4F97-B03C-BEAECB7C00AE}.Debug|Any CPU.Build.0 = Debug|Any CPU
		{1152D910-4F27-4F97-B03C-BEAECB7C00AE}.Release|Any CPU.ActiveCfg = Release|Any CPU
		{1152D910-4F27-4F97-B03C-BEAECB7C00AE}.Release|Any CPU.Build.0 = Release|Any CPU
		{5781EE16-0A3A-448A-BF61-91979AB1FD9D}.Debug|Any CPU.ActiveCfg = Debug|Any CPU
		{5781EE16-0A3A-448A-BF61-91979AB1FD9D}.Debug|Any CPU.Build.0 = Debug|Any CPU
		{5781EE16-0A3A-448A-BF61-91979AB1FD9D}.Release|Any CPU.ActiveCfg = Release|Any CPU
		{5781EE16-0A3A-448A-BF61-91979AB1FD9D}.Release|Any CPU.Build.0 = Release|Any CPU
		{02FF64C5-214D-43D8-9F05-A4F8F40AF21E}.Debug|Any CPU.ActiveCfg = Debug|Any CPU
		{02FF64C5-214D-43D8-9F05-A4F8F40AF21E}.Debug|Any CPU.Build.0 = Debug|Any CPU
		{02FF64C5-214D-43D8-9F05-A4F8F40AF21E}.Release|Any CPU.ActiveCfg = Release|Any CPU
		{02FF64C5-214D-43D8-9F05-A4F8F40AF21E}.Release|Any CPU.Build.0 = Release|Any CPU
	EndGlobalSection
	GlobalSection(SolutionProperties) = preSolution
		HideSolutionNode = FALSE
	EndGlobalSection
	GlobalSection(ExtensibilityGlobals) = postSolution
		SolutionGuid = {8918C1F6-F789-48DB-B06F-8C89F1CB7390}
	EndGlobalSection
EndGlobal
